// !$*UTF8*$!
{
	archiveVersion = 1;
	classes = {
	};
	objectVersion = 55;
	objects = {

/* Begin PBXBuildFile section */
		BAD35D5E28BDA8E7001AD062 /* AppDelegate.swift in Sources */ = {isa = PBXBuildFile; fileRef = BAD35D5D28BDA8E7001AD062 /* AppDelegate.swift */; };
		BAD35D6028BDA8E7001AD062 /* SceneDelegate.swift in Sources */ = {isa = PBXBuildFile; fileRef = BAD35D5F28BDA8E7001AD062 /* SceneDelegate.swift */; };
		BAD35D6228BDA8E7001AD062 /* ViewController.swift in Sources */ = {isa = PBXBuildFile; fileRef = BAD35D6128BDA8E7001AD062 /* ViewController.swift */; };
		BAD35D6528BDA8E7001AD062 /* Main.storyboard in Resources */ = {isa = PBXBuildFile; fileRef = BAD35D6328BDA8E7001AD062 /* Main.storyboard */; };
		BAD35D6728BDA8EA001AD062 /* Assets.xcassets in Resources */ = {isa = PBXBuildFile; fileRef = BAD35D6628BDA8EA001AD062 /* Assets.xcassets */; };
		BAD35D6A28BDA8EA001AD062 /* LaunchScreen.storyboard in Resources */ = {isa = PBXBuildFile; fileRef = BAD35D6828BDA8EA001AD062 /* LaunchScreen.storyboard */; };
		BAD35D7528BDA8EA001AD062 /* MemoPadTests.swift in Sources */ = {isa = PBXBuildFile; fileRef = BAD35D7428BDA8EA001AD062 /* MemoPadTests.swift */; };
		BAD35D7F28BDA8EA001AD062 /* MemoPadUITests.swift in Sources */ = {isa = PBXBuildFile; fileRef = BAD35D7E28BDA8EA001AD062 /* MemoPadUITests.swift */; };
		BAD35D8128BDA8EA001AD062 /* MemoPadUITestsLaunchTests.swift in Sources */ = {isa = PBXBuildFile; fileRef = BAD35D8028BDA8EA001AD062 /* MemoPadUITestsLaunchTests.swift */; };
		BAD35D8E28BDA93F001AD062 /* MemoViewController.swift in Sources */ = {isa = PBXBuildFile; fileRef = BAD35D8D28BDA93F001AD062 /* MemoViewController.swift */; };
/* End PBXBuildFile section */

/* Begin PBXContainerItemProxy section */
		BAD35D7128BDA8EA001AD062 /* PBXContainerItemProxy */ = {
			isa = PBXContainerItemProxy;
			containerPortal = BAD35D5228BDA8E7001AD062 /* Project object */;
			proxyType = 1;
			remoteGlobalIDString = BAD35D5928BDA8E7001AD062;
			remoteInfo = MemoPad;
		};
		BAD35D7B28BDA8EA001AD062 /* PBXContainerItemProxy */ = {
			isa = PBXContainerItemProxy;
			containerPortal = BAD35D5228BDA8E7001AD062 /* Project object */;
			proxyType = 1;
			remoteGlobalIDString = BAD35D5928BDA8E7001AD062;
			remoteInfo = MemoPad;
		};
/* End PBXContainerItemProxy section */

/* Begin PBXFileReference section */
		BAD35D5A28BDA8E7001AD062 /* MemoPad.app */ = {isa = PBXFileReference; explicitFileType = wrapper.application; includeInIndex = 0; path = MemoPad.app; sourceTree = BUILT_PRODUCTS_DIR; };
		BAD35D5D28BDA8E7001AD062 /* AppDelegate.swift */ = {isa = PBXFileReference; lastKnownFileType = sourcecode.swift; path = AppDelegate.swift; sourceTree = "<group>"; };
		BAD35D5F28BDA8E7001AD062 /* SceneDelegate.swift */ = {isa = PBXFileReference; lastKnownFileType = sourcecode.swift; path = SceneDelegate.swift; sourceTree = "<group>"; };
		BAD35D6128BDA8E7001AD062 /* ViewController.swift */ = {isa = PBXFileReference; lastKnownFileType = sourcecode.swift; path = ViewController.swift; sourceTree = "<group>"; };
		BAD35D6428BDA8E7001AD062 /* Base */ = {isa = PBXFileReference; lastKnownFileType = file.storyboard; name = Base; path = Base.lproj/Main.storyboard; sourceTree = "<group>"; };
		BAD35D6628BDA8EA001AD062 /* Assets.xcassets */ = {isa = PBXFileReference; lastKnownFileType = folder.assetcatalog; path = Assets.xcassets; sourceTree = "<group>"; };
		BAD35D6928BDA8EA001AD062 /* Base */ = {isa = PBXFileReference; lastKnownFileType = file.storyboard; name = Base; path = Base.lproj/LaunchScreen.storyboard; sourceTree = "<group>"; };
		BAD35D6B28BDA8EA001AD062 /* Info.plist */ = {isa = PBXFileReference; lastKnownFileType = text.plist.xml; path = Info.plist; sourceTree = "<group>"; };
		BAD35D7028BDA8EA001AD062 /* MemoPadTests.xctest */ = {isa = PBXFileReference; explicitFileType = wrapper.cfbundle; includeInIndex = 0; path = MemoPadTests.xctest; sourceTree = BUILT_PRODUCTS_DIR; };
		BAD35D7428BDA8EA001AD062 /* MemoPadTests.swift */ = {isa = PBXFileReference; lastKnownFileType = sourcecode.swift; path = MemoPadTests.swift; sourceTree = "<group>"; };
		BAD35D7A28BDA8EA001AD062 /* MemoPadUITests.xctest */ = {isa = PBXFileReference; explicitFileType = wrapper.cfbundle; includeInIndex = 0; path = MemoPadUITests.xctest; sourceTree = BUILT_PRODUCTS_DIR; };
		BAD35D7E28BDA8EA001AD062 /* MemoPadUITests.swift */ = {isa = PBXFileReference; lastKnownFileType = sourcecode.swift; path = MemoPadUITests.swift; sourceTree = "<group>"; };
		BAD35D8028BDA8EA001AD062 /* MemoPadUITestsLaunchTests.swift */ = {isa = PBXFileReference; lastKnownFileType = sourcecode.swift; path = MemoPadUITestsLaunchTests.swift; sourceTree = "<group>"; };
		BAD35D8D28BDA93F001AD062 /* MemoViewController.swift */ = {isa = PBXFileReference; lastKnownFileType = sourcecode.swift; path = MemoViewController.swift; sourceTree = "<group>"; };
/* End PBXFileReference section */

/* Begin PBXFrameworksBuildPhase section */
		BAD35D5728BDA8E7001AD062 /* Frameworks */ = {
			isa = PBXFrameworksBuildPhase;
			buildActionMask = 2147483647;
			files = (
			);
			runOnlyForDeploymentPostprocessing = 0;
		};
		BAD35D6D28BDA8EA001AD062 /* Frameworks */ = {
			isa = PBXFrameworksBuildPhase;
			buildActionMask = 2147483647;
			files = (
			);
			runOnlyForDeploymentPostprocessing = 0;
		};
		BAD35D7728BDA8EA001AD062 /* Frameworks */ = {
			isa = PBXFrameworksBuildPhase;
			buildActionMask = 2147483647;
			files = (
			);
			runOnlyForDeploymentPostprocessing = 0;
		};
/* End PBXFrameworksBuildPhase section */

/* Begin PBXGroup section */
		BAD35D5128BDA8E7001AD062 = {
			isa = PBXGroup;
			children = (
				BAD35D5C28BDA8E7001AD062 /* MemoPad */,
				BAD35D7328BDA8EA001AD062 /* MemoPadTests */,
				BAD35D7D28BDA8EA001AD062 /* MemoPadUITests */,
				BAD35D5B28BDA8E7001AD062 /* Products */,
			);
			sourceTree = "<group>";
		};
		BAD35D5B28BDA8E7001AD062 /* Products */ = {
			isa = PBXGroup;
			children = (
				BAD35D5A28BDA8E7001AD062 /* MemoPad.app */,
				BAD35D7028BDA8EA001AD062 /* MemoPadTests.xctest */,
				BAD35D7A28BDA8EA001AD062 /* MemoPadUITests.xctest */,
			);
			name = Products;
			sourceTree = "<group>";
		};
		BAD35D5C28BDA8E7001AD062 /* MemoPad */ = {
			isa = PBXGroup;
			children = (
				BAD35D5D28BDA8E7001AD062 /* AppDelegate.swift */,
				BAD35D5F28BDA8E7001AD062 /* SceneDelegate.swift */,
				BAD35D6128BDA8E7001AD062 /* ViewController.swift */,
				BAD35D6328BDA8E7001AD062 /* Main.storyboard */,
				BAD35D6628BDA8EA001AD062 /* Assets.xcassets */,
				BAD35D6828BDA8EA001AD062 /* LaunchScreen.storyboard */,
				BAD35D6B28BDA8EA001AD062 /* Info.plist */,
				BAD35D8D28BDA93F001AD062 /* MemoViewController.swift */,
			);
			path = MemoPad;
			sourceTree = "<group>";
		};
		BAD35D7328BDA8EA001AD062 /* MemoPadTests */ = {
			isa = PBXGroup;
			children = (
				BAD35D7428BDA8EA001AD062 /* MemoPadTests.swift */,
			);
			path = MemoPadTests;
			sourceTree = "<group>";
		};
		BAD35D7D28BDA8EA001AD062 /* MemoPadUITests */ = {
			isa = PBXGroup;
			children = (
				BAD35D7E28BDA8EA001AD062 /* MemoPadUITests.swift */,
				BAD35D8028BDA8EA001AD062 /* MemoPadUITestsLaunchTests.swift */,
			);
			path = MemoPadUITests;
			sourceTree = "<group>";
		};
/* End PBXGroup section */

/* Begin PBXNativeTarget section */
		BAD35D5928BDA8E7001AD062 /* MemoPad */ = {
			isa = PBXNativeTarget;
			buildConfigurationList = BAD35D8428BDA8EA001AD062 /* Build configuration list for PBXNativeTarget "MemoPad" */;
			buildPhases = (
				BAD35D5628BDA8E7001AD062 /* Sources */,
				BAD35D5728BDA8E7001AD062 /* Frameworks */,
				BAD35D5828BDA8E7001AD062 /* Resources */,
			);
			buildRules = (
			);
			dependencies = (
			);
			name = MemoPad;
			productName = MemoPad;
			productReference = BAD35D5A28BDA8E7001AD062 /* MemoPad.app */;
			productType = "com.apple.product-type.application";
		};
		BAD35D6F28BDA8EA001AD062 /* MemoPadTests */ = {
			isa = PBXNativeTarget;
			buildConfigurationList = BAD35D8728BDA8EA001AD062 /* Build configuration list for PBXNativeTarget "MemoPadTests" */;
			buildPhases = (
				BAD35D6C28BDA8EA001AD062 /* Sources */,
				BAD35D6D28BDA8EA001AD062 /* Frameworks */,
				BAD35D6E28BDA8EA001AD062 /* Resources */,
			);
			buildRules = (
			);
			dependencies = (
				BAD35D7228BDA8EA001AD062 /* PBXTargetDependency */,
			);
			name = MemoPadTests;
			productName = MemoPadTests;
			productReference = BAD35D7028BDA8EA001AD062 /* MemoPadTests.xctest */;
			productType = "com.apple.product-type.bundle.unit-test";
		};
		BAD35D7928BDA8EA001AD062 /* MemoPadUITests */ = {
			isa = PBXNativeTarget;
			buildConfigurationList = BAD35D8A28BDA8EA001AD062 /* Build configuration list for PBXNativeTarget "MemoPadUITests" */;
			buildPhases = (
				BAD35D7628BDA8EA001AD062 /* Sources */,
				BAD35D7728BDA8EA001AD062 /* Frameworks */,
				BAD35D7828BDA8EA001AD062 /* Resources */,
			);
			buildRules = (
			);
			dependencies = (
				BAD35D7C28BDA8EA001AD062 /* PBXTargetDependency */,
			);
			name = MemoPadUITests;
			productName = MemoPadUITests;
			productReference = BAD35D7A28BDA8EA001AD062 /* MemoPadUITests.xctest */;
			productType = "com.apple.product-type.bundle.ui-testing";
		};
/* End PBXNativeTarget section */

/* Begin PBXProject section */
		BAD35D5228BDA8E7001AD062 /* Project object */ = {
			isa = PBXProject;
			attributes = {
				BuildIndependentTargetsInParallel = 1;
				LastSwiftUpdateCheck = 1340;
				LastUpgradeCheck = 1340;
				TargetAttributes = {
					BAD35D5928BDA8E7001AD062 = {
						CreatedOnToolsVersion = 13.4.1;
					};
					BAD35D6F28BDA8EA001AD062 = {
						CreatedOnToolsVersion = 13.4.1;
						TestTargetID = BAD35D5928BDA8E7001AD062;
					};
					BAD35D7928BDA8EA001AD062 = {
						CreatedOnToolsVersion = 13.4.1;
						TestTargetID = BAD35D5928BDA8E7001AD062;
					};
				};
			};
			buildConfigurationList = BAD35D5528BDA8E7001AD062 /* Build configuration list for PBXProject "MemoPad" */;
			compatibilityVersion = "Xcode 13.0";
			developmentRegion = en;
			hasScannedForEncodings = 0;
			knownRegions = (
				en,
				Base,
			);
			mainGroup = BAD35D5128BDA8E7001AD062;
			productRefGroup = BAD35D5B28BDA8E7001AD062 /* Products */;
			projectDirPath = "";
			projectRoot = "";
			targets = (
				BAD35D5928BDA8E7001AD062 /* MemoPad */,
				BAD35D6F28BDA8EA001AD062 /* MemoPadTests */,
				BAD35D7928BDA8EA001AD062 /* MemoPadUITests */,
			);
		};
/* End PBXProject section */

/* Begin PBXResourcesBuildPhase section */
		BAD35D5828BDA8E7001AD062 /* Resources */ = {
			isa = PBXResourcesBuildPhase;
			buildActionMask = 2147483647;
			files = (
				BAD35D6A28BDA8EA001AD062 /* LaunchScreen.storyboard in Resources */,
				BAD35D6728BDA8EA001AD062 /* Assets.xcassets in Resources */,
				BAD35D6528BDA8E7001AD062 /* Main.storyboard in Resources */,
			);
			runOnlyForDeploymentPostprocessing = 0;
		};
		BAD35D6E28BDA8EA001AD062 /* Resources */ = {
			isa = PBXResourcesBuildPhase;
			buildActionMask = 2147483647;
			files = (
			);
			runOnlyForDeploymentPostprocessing = 0;
		};
		BAD35D7828BDA8EA001AD062 /* Resources */ = {
			isa = PBXResourcesBuildPhase;
			buildActionMask = 2147483647;
			files = (
			);
			runOnlyForDeploymentPostprocessing = 0;
		};
/* End PBXResourcesBuildPhase section */

/* Begin PBXSourcesBuildPhase section */
		BAD35D5628BDA8E7001AD062 /* Sources */ = {
			isa = PBXSourcesBuildPhase;
			buildActionMask = 2147483647;
			files = (
				BAD35D8E28BDA93F001AD062 /* MemoViewController.swift in Sources */,
				BAD35D6228BDA8E7001AD062 /* ViewController.swift in Sources */,
				BAD35D5E28BDA8E7001AD062 /* AppDelegate.swift in Sources */,
				BAD35D6028BDA8E7001AD062 /* SceneDelegate.swift in Sources */,
			);
			runOnlyForDeploymentPostprocessing = 0;
		};
		BAD35D6C28BDA8EA001AD062 /* Sources */ = {
			isa = PBXSourcesBuildPhase;
			buildActionMask = 2147483647;
			files = (
				BAD35D7528BDA8EA001AD062 /* MemoPadTests.swift in Sources */,
			);
			runOnlyForDeploymentPostprocessing = 0;
		};
		BAD35D7628BDA8EA001AD062 /* Sources */ = {
			isa = PBXSourcesBuildPhase;
			buildActionMask = 2147483647;
			files = (
				BAD35D8128BDA8EA001AD062 /* MemoPadUITestsLaunchTests.swift in Sources */,
				BAD35D7F28BDA8EA001AD062 /* MemoPadUITests.swift in Sources */,
			);
			runOnlyForDeploymentPostprocessing = 0;
		};
/* End PBXSourcesBuildPhase section */

/* Begin PBXTargetDependency section */
		BAD35D7228BDA8EA001AD062 /* PBXTargetDependency */ = {
			isa = PBXTargetDependency;
			target = BAD35D5928BDA8E7001AD062 /* MemoPad */;
			targetProxy = BAD35D7128BDA8EA001AD062 /* PBXContainerItemProxy */;
		};
		BAD35D7C28BDA8EA001AD062 /* PBXTargetDependency */ = {
			isa = PBXTargetDependency;
			target = BAD35D5928BDA8E7001AD062 /* MemoPad */;
			targetProxy = BAD35D7B28BDA8EA001AD062 /* PBXContainerItemProxy */;
		};
/* End PBXTargetDependency section */

/* Begin PBXVariantGroup section */
		BAD35D6328BDA8E7001AD062 /* Main.storyboard */ = {
			isa = PBXVariantGroup;
			children = (
				BAD35D6428BDA8E7001AD062 /* Base */,
			);
			name = Main.storyboard;
			sourceTree = "<group>";
		};
		BAD35D6828BDA8EA001AD062 /* LaunchScreen.storyboard */ = {
			isa = PBXVariantGroup;
			children = (
				BAD35D6928BDA8EA001AD062 /* Base */,
			);
			name = LaunchScreen.storyboard;
			sourceTree = "<group>";
		};
/* End PBXVariantGroup section */

/* Begin XCBuildConfiguration section */
		BAD35D8228BDA8EA001AD062 /* Debug */ = {
			isa = XCBuildConfiguration;
			buildSettings = {
				ALWAYS_SEARCH_USER_PATHS = NO;
				CLANG_ANALYZER_NONNULL = YES;
				CLANG_ANALYZER_NUMBER_OBJECT_CONVERSION = YES_AGGRESSIVE;
				CLANG_CXX_LANGUAGE_STANDARD = "gnu++17";
				CLANG_ENABLE_MODULES = YES;
				CLANG_ENABLE_OBJC_ARC = YES;
				CLANG_ENABLE_OBJC_WEAK = YES;
				CLANG_WARN_BLOCK_CAPTURE_AUTORELEASING = YES;
				CLANG_WARN_BOOL_CONVERSION = YES;
				CLANG_WARN_COMMA = YES;
				CLANG_WARN_CONSTANT_CONVERSION = YES;
				CLANG_WARN_DEPRECATED_OBJC_IMPLEMENTATIONS = YES;
				CLANG_WARN_DIRECT_OBJC_ISA_USAGE = YES_ERROR;
				CLANG_WARN_DOCUMENTATION_COMMENTS = YES;
				CLANG_WARN_EMPTY_BODY = YES;
				CLANG_WARN_ENUM_CONVERSION = YES;
				CLANG_WARN_INFINITE_RECURSION = YES;
				CLANG_WARN_INT_CONVERSION = YES;
				CLANG_WARN_NON_LITERAL_NULL_CONVERSION = YES;
				CLANG_WARN_OBJC_IMPLICIT_RETAIN_SELF = YES;
				CLANG_WARN_OBJC_LITERAL_CONVERSION = YES;
				CLANG_WARN_OBJC_ROOT_CLASS = YES_ERROR;
				CLANG_WARN_QUOTED_INCLUDE_IN_FRAMEWORK_HEADER = YES;
				CLANG_WARN_RANGE_LOOP_ANALYSIS = YES;
				CLANG_WARN_STRICT_PROTOTYPES = YES;
				CLANG_WARN_SUSPICIOUS_MOVE = YES;
				CLANG_WARN_UNGUARDED_AVAILABILITY = YES_AGGRESSIVE;
				CLANG_WARN_UNREACHABLE_CODE = YES;
				CLANG_WARN__DUPLICATE_METHOD_MATCH = YES;
				COPY_PHASE_STRIP = NO;
				DEBUG_INFORMATION_FORMAT = dwarf;
				ENABLE_STRICT_OBJC_MSGSEND = YES;
				ENABLE_TESTABILITY = YES;
				GCC_C_LANGUAGE_STANDARD = gnu11;
				GCC_DYNAMIC_NO_PIC = NO;
				GCC_NO_COMMON_BLOCKS = YES;
				GCC_OPTIMIZATION_LEVEL = 0;
				GCC_PREPROCESSOR_DEFINITIONS = (
					"DEBUG=1",
					"$(inherited)",
				);
				GCC_WARN_64_TO_32_BIT_CONVERSION = YES;
				GCC_WARN_ABOUT_RETURN_TYPE = YES_ERROR;
				GCC_WARN_UNDECLARED_SELECTOR = YES;
				GCC_WARN_UNINITIALIZED_AUTOS = YES_AGGRESSIVE;
				GCC_WARN_UNUSED_FUNCTION = YES;
				GCC_WARN_UNUSED_VARIABLE = YES;
				IPHONEOS_DEPLOYMENT_TARGET = 15.5;
				MTL_ENABLE_DEBUG_INFO = INCLUDE_SOURCE;
				MTL_FAST_MATH = YES;
				ONLY_ACTIVE_ARCH = YES;
				SDKROOT = iphoneos;
				SWIFT_ACTIVE_COMPILATION_CONDITIONS = DEBUG;
				SWIFT_OPTIMIZATION_LEVEL = "-Onone";
			};
			name = Debug;
		};
		BAD35D8328BDA8EA001AD062 /* Release */ = {
			isa = XCBuildConfiguration;
			buildSettings = {
				ALWAYS_SEARCH_USER_PATHS = NO;
				CLANG_ANALYZER_NONNULL = YES;
				CLANG_ANALYZER_NUMBER_OBJECT_CONVERSION = YES_AGGRESSIVE;
				CLANG_CXX_LANGUAGE_STANDARD = "gnu++17";
				CLANG_ENABLE_MODULES = YES;
				CLANG_ENABLE_OBJC_ARC = YES;
				CLANG_ENABLE_OBJC_WEAK = YES;
				CLANG_WARN_BLOCK_CAPTURE_AUTORELEASING = YES;
				CLANG_WARN_BOOL_CONVERSION = YES;
				CLANG_WARN_COMMA = YES;
				CLANG_WARN_CONSTANT_CONVERSION = YES;
				CLANG_WARN_DEPRECATED_OBJC_IMPLEMENTATIONS = YES;
				CLANG_WARN_DIRECT_OBJC_ISA_USAGE = YES_ERROR;
				CLANG_WARN_DOCUMENTATION_COMMENTS = YES;
				CLANG_WARN_EMPTY_BODY = YES;
				CLANG_WARN_ENUM_CONVERSION = YES;
				CLANG_WARN_INFINITE_RECURSION = YES;
				CLANG_WARN_INT_CONVERSION = YES;
				CLANG_WARN_NON_LITERAL_NULL_CONVERSION = YES;
				CLANG_WARN_OBJC_IMPLICIT_RETAIN_SELF = YES;
				CLANG_WARN_OBJC_LITERAL_CONVERSION = YES;
				CLANG_WARN_OBJC_ROOT_CLASS = YES_ERROR;
				CLANG_WARN_QUOTED_INCLUDE_IN_FRAMEWORK_HEADER = YES;
				CLANG_WARN_RANGE_LOOP_ANALYSIS = YES;
				CLANG_WARN_STRICT_PROTOTYPES = YES;
				CLANG_WARN_SUSPICIOUS_MOVE = YES;
				CLANG_WARN_UNGUARDED_AVAILABILITY = YES_AGGRESSIVE;
				CLANG_WARN_UNREACHABLE_CODE = YES;
				CLANG_WARN__DUPLICATE_METHOD_MATCH = YES;
				COPY_PHASE_STRIP = NO;
				DEBUG_INFORMATION_FORMAT = "dwarf-with-dsym";
				ENABLE_NS_ASSERTIONS = NO;
				ENABLE_STRICT_OBJC_MSGSEND = YES;
				GCC_C_LANGUAGE_STANDARD = gnu11;
				GCC_NO_COMMON_BLOCKS = YES;
				GCC_WARN_64_TO_32_BIT_CONVERSION = YES;
				GCC_WARN_ABOUT_RETURN_TYPE = YES_ERROR;
				GCC_WARN_UNDECLARED_SELECTOR = YES;
				GCC_WARN_UNINITIALIZED_AUTOS = YES_AGGRESSIVE;
				GCC_WARN_UNUSED_FUNCTION = YES;
				GCC_WARN_UNUSED_VARIABLE = YES;
				IPHONEOS_DEPLOYMENT_TARGET = 15.5;
				MTL_ENABLE_DEBUG_INFO = NO;
				MTL_FAST_MATH = YES;
				SDKROOT = iphoneos;
				SWIFT_COMPILATION_MODE = wholemodule;
				SWIFT_OPTIMIZATION_LEVEL = "-O";
				VALIDATE_PRODUCT = YES;
			};
			name = Release;
		};
		BAD35D8528BDA8EA001AD062 /* Debug */ = {
			isa = XCBuildConfiguration;
			buildSettings = {
				ASSETCATALOG_COMPILER_APPICON_NAME = AppIcon;
				ASSETCATALOG_COMPILER_GLOBAL_ACCENT_COLOR_NAME = AccentColor;
				CODE_SIGN_STYLE = Automatic;
				CURRENT_PROJECT_VERSION = 1;
				GENERATE_INFOPLIST_FILE = YES;
				INFOPLIST_FILE = MemoPad/Info.plist;
				INFOPLIST_KEY_UIApplicationSupportsIndirectInputEvents = YES;
				INFOPLIST_KEY_UILaunchStoryboardName = LaunchScreen;
				INFOPLIST_KEY_UIMainStoryboardFile = Main;
				INFOPLIST_KEY_UISupportedInterfaceOrientations_iPad = "UIInterfaceOrientationPortrait UIInterfaceOrientationPortraitUpsideDown UIInterfaceOrientationLandscapeLeft UIInterfaceOrientationLandscapeRight";
				INFOPLIST_KEY_UISupportedInterfaceOrientations_iPhone = "UIInterfaceOrientationPortrait UIInterfaceOrientationLandscapeLeft UIInterfaceOrientationLandscapeRight";
				LD_RUNPATH_SEARCH_PATHS = (
					"$(inherited)",
					"@executable_path/Frameworks",
				);
				MARKETING_VERSION = 1.0;
				PRODUCT_BUNDLE_IDENTIFIER = com.lifetech.MemoPad;
				PRODUCT_NAME = "$(TARGET_NAME)";
				SWIFT_EMIT_LOC_STRINGS = YES;
				SWIFT_VERSION = 5.0;
				TARGETED_DEVICE_FAMILY = "1,2";
			};
			name = Debug;
		};
		BAD35D8628BDA8EA001AD062 /* Release */ = {
			isa = XCBuildConfiguration;
			buildSettings = {
				ASSETCATALOG_COMPILER_APPICON_NAME = AppIcon;
				ASSETCATALOG_COMPILER_GLOBAL_ACCENT_COLOR_NAME = AccentColor;
				CODE_SIGN_STYLE = Automatic;
				CURRENT_PROJECT_VERSION = 1;
				GENERATE_INFOPLIST_FILE = YES;
				INFOPLIST_FILE = MemoPad/Info.plist;
				INFOPLIST_KEY_UIApplicationSupportsIndirectInputEvents = YES;
				INFOPLIST_KEY_UILaunchStoryboardName = LaunchScreen;
				INFOPLIST_KEY_UIMainStoryboardFile = Main;
				INFOPLIST_KEY_UISupportedInterfaceOrientations_iPad = "UIInterfaceOrientationPortrait UIInterfaceOrientationPortraitUpsideDown UIInterfaceOrientationLandscapeLeft UIInterfaceOrientationLandscapeRight";
				INFOPLIST_KEY_UISupportedInterfaceOrientations_iPhone = "UIInterfaceOrientationPortrait UIInterfaceOrientationLandscapeLeft UIInterfaceOrientationLandscapeRight";
				LD_RUNPATH_SEARCH_PATHS = (
					"$(inherited)",
					"@executable_path/Frameworks",
				);
				MARKETING_VERSION = 1.0;
				PRODUCT_BUNDLE_IDENTIFIER = com.lifetech.MemoPad;
				PRODUCT_NAME = "$(TARGET_NAME)";
				SWIFT_EMIT_LOC_STRINGS = YES;
				SWIFT_VERSION = 5.0;
				TARGETED_DEVICE_FAMILY = "1,2";
			};
			name = Release;
		};
		BAD35D8828BDA8EA001AD062 /* Debug */ = {
			isa = XCBuildConfiguration;
			buildSettings = {
				ALWAYS_EMBED_SWIFT_STANDARD_LIBRARIES = YES;
				BUNDLE_LOADER = "$(TEST_HOST)";
				CODE_SIGN_STYLE = Automatic;
				CURRENT_PROJECT_VERSION = 1;
				GENERATE_INFOPLIST_FILE = YES;
				IPHONEOS_DEPLOYMENT_TARGET = 15.5;
				MARKETING_VERSION = 1.0;
				PRODUCT_BUNDLE_IDENTIFIER = com.lifetech.MemoPadTests;
				PRODUCT_NAME = "$(TARGET_NAME)";
				SWIFT_EMIT_LOC_STRINGS = NO;
				SWIFT_VERSION = 5.0;
				TARGETED_DEVICE_FAMILY = "1,2";
				TEST_HOST = "$(BUILT_PRODUCTS_DIR)/MemoPad.app/MemoPad";
			};
			name = Debug;
		};
		BAD35D8928BDA8EA001AD062 /* Release */ = {
			isa = XCBuildConfiguration;
			buildSettings = {
				ALWAYS_EMBED_SWIFT_STANDARD_LIBRARIES = YES;
				BUNDLE_LOADER = "$(TEST_HOST)";
				CODE_SIGN_STYLE = Automatic;
				CURRENT_PROJECT_VERSION = 1;
				GENERATE_INFOPLIST_FILE = YES;
				IPHONEOS_DEPLOYMENT_TARGET = 15.5;
				MARKETING_VERSION = 1.0;
				PRODUCT_BUNDLE_IDENTIFIER = com.lifetech.MemoPadTests;
				PRODUCT_NAME = "$(TARGET_NAME)";
				SWIFT_EMIT_LOC_STRINGS = NO;
				SWIFT_VERSION = 5.0;
				TARGETED_DEVICE_FAMILY = "1,2";
				TEST_HOST = "$(BUILT_PRODUCTS_DIR)/MemoPad.app/MemoPad";
			};
			name = Release;
		};
		BAD35D8B28BDA8EA001AD062 /* Debug */ = {
			isa = XCBuildConfiguration;
			buildSettings = {
				ALWAYS_EMBED_SWIFT_STANDARD_LIBRARIES = YES;
				CODE_SIGN_STYLE = Automatic;
				CURRENT_PROJECT_VERSION = 1;
				GENERATE_INFOPLIST_FILE = YES;
				MARKETING_VERSION = 1.0;
				PRODUCT_BUNDLE_IDENTIFIER = com.lifetech.MemoPadUITests;
				PRODUCT_NAME = "$(TARGET_NAME)";
				SWIFT_EMIT_LOC_STRINGS = NO;
				SWIFT_VERSION = 5.0;
				TARGETED_DEVICE_FAMILY = "1,2";
				TEST_TARGET_NAME = MemoPad;
			};
			name = Debug;
		};
		BAD35D8C28BDA8EA001AD062 /* Release */ = {
			isa = XCBuildConfiguration;
			buildSettings = {
				ALWAYS_EMBED_SWIFT_STANDARD_LIBRARIES = YES;
				CODE_SIGN_STYLE = Automatic;
				CURRENT_PROJECT_VERSION = 1;
				GENERATE_INFOPLIST_FILE = YES;
				MARKETING_VERSION = 1.0;
				PRODUCT_BUNDLE_IDENTIFIER = com.lifetech.MemoPadUITests;
				PRODUCT_NAME = "$(TARGET_NAME)";
				SWIFT_EMIT_LOC_STRINGS = NO;
				SWIFT_VERSION = 5.0;
				TARGETED_DEVICE_FAMILY = "1,2";
				TEST_TARGET_NAME = MemoPad;
			};
			name = Release;
		};
/* End XCBuildConfiguration section */

/* Begin XCConfigurationList section */
		BAD35D5528BDA8E7001AD062 /* Build configuration list for PBXProject "MemoPad" */ = {
			isa = XCConfigurationList;
			buildConfigurations = (
				BAD35D8228BDA8EA001AD062 /* Debug */,
				BAD35D8328BDA8EA001AD062 /* Release */,
			);
			defaultConfigurationIsVisible = 0;
			defaultConfigurationName = Release;
		};
		BAD35D8428BDA8EA001AD062 /* Build configuration list for PBXNativeTarget "MemoPad" */ = {
			isa = XCConfigurationList;
			buildConfigurations = (
				BAD35D8528BDA8EA001AD062 /* Debug */,
				BAD35D8628BDA8EA001AD062 /* Release */,
			);
			defaultConfigurationIsVisible = 0;
			defaultConfigurationName = Release;
		};
		BAD35D8728BDA8EA001AD062 /* Build configuration list for PBXNativeTarget "MemoPadTests" */ = {
			isa = XCConfigurationList;
			buildConfigurations = (
				BAD35D8828BDA8EA001AD062 /* Debug */,
				BAD35D8928BDA8EA001AD062 /* Release */,
			);
			defaultConfigurationIsVisible = 0;
			defaultConfigurationName = Release;
		};
		BAD35D8A28BDA8EA001AD062 /* Build configuration list for PBXNativeTarget "MemoPadUITests" */ = {
			isa = XCConfigurationList;
			buildConfigurations = (
				BAD35D8B28BDA8EA001AD062 /* Debug */,
				BAD35D8C28BDA8EA001AD062 /* Release */,
			);
			defaultConfigurationIsVisible = 0;
			defaultConfigurationName = Release;
		};
/* End XCConfigurationList section */
	};
	rootObject = BAD35D5228BDA8E7001AD062 /* Project object */;
}
